
Microsoft Visual Studio Solution File, Format Version 12.00
# Visual Studio Version 17
VisualStudioVersion = 17.2.32630.192
MinimumVisualStudioVersion = 10.0.40219.1
Project("{FAE04EC0-301F-11D3-BF4B-00C04F79EFBC}") = "Developist.Samples.Api", "src\Developist.Samples.Api\Developist.Samples.Api.csproj", "{502DF471-2332-4E8A-94D7-F00EABF4ADF4}"
EndProject
Project("{FAE04EC0-301F-11D3-BF4B-00C04F79EFBC}") = "Developist.Samples", "src\Developist.Samples\Developist.Samples.csproj", "{5B2EB45E-6E38-4DD1-A279-BD11217F6B50}"
EndProject
Global
	GlobalSection(SolutionConfigurationPlatforms) = preSolution
		Debug|Any CPU = Debug|Any CPU
		Release|Any CPU = Release|Any CPU
	EndGlobalSection
	GlobalSection(ProjectConfigurationPlatforms) = postSolution
		{502DF471-2332-4E8A-94D7-F00EABF4ADF4}.Debug|Any CPU.ActiveCfg = Debug|Any CPU
		{502DF471-2332-4E8A-94D7-F00EABF4ADF4}.Debug|Any CPU.Build.0 = Debug|Any CPU
		{502DF471-2332-4E8A-94D7-F00EABF4ADF4}.Release|Any CPU.ActiveCfg = Release|Any CPU
		{502DF471-2332-4E8A-94D7-F00EABF4ADF4}.Release|Any CPU.Build.0 = Release|Any CPU
		{5B2EB45E-6E38-4DD1-A279-BD11217F6B50}.Debug|Any CPU.ActiveCfg = Debug|Any CPU
		{5B2EB45E-6E38-4DD1-A279-BD11217F6B50}.Debug|Any CPU.Build.0 = Debug|Any CPU
		{5B2EB45E-6E38-4DD1-A279-BD11217F6B50}.Release|Any CPU.ActiveCfg = Release|Any CPU
		{5B2EB45E-6E38-4DD1-A279-BD11217F6B50}.Release|Any CPU.Build.0 = Release|Any CPU
	EndGlobalSection
	GlobalSection(SolutionProperties) = preSolution
		HideSolutionNode = FALSE
	EndGlobalSection
	GlobalSection(ExtensibilityGlobals) = postSolution
		SolutionGuid = {67DCBFB2-431D-4B74-B845-92E257E3E54D}
	EndGlobalSection
EndGlobal
